# THIS IS AN AUTOGENERATED FILE. DO NOT EDIT THIS FILE DIRECTLY.
# yarn lockfile v1


"@babel/runtime@^7.1.2":
  version "7.16.7"
  resolved "https://registry.npmjs.org/@babel/runtime/-/runtime-7.16.7.tgz#03ff99f64106588c9c403c6ecb8c3bafbbdff1fa"
  integrity sha512-9E9FJowqAsytyOY6LG+1KuueckRL+aQW+mKvXRXnuFGyRAyepJPmEo9vgMfXUA6O9u3IeEdv9MAkppFcaQwogQ==
  dependencies:
    regenerator-runtime "^0.13.4"

"@cable_ready/polyfills@4.4.6":
  version "4.4.6"
  resolved "https://registry.yarnpkg.com/@cable_ready/polyfills/-/polyfills-4.4.6.tgz#57d242b3363902f4da3e76ed8c72d24d4a527f92"
  integrity sha512-qdRzfUCx4Tal49XC1vHRxm0A7FxbBeF/7dOxmAFOqmXWVkO+pclk9v7KqK2G/OnYt7CyZrD/YxDV8rooog14Qg==
  dependencies:
    "@webcomponents/template" "^1.4.4"
    core-js "^3.4.0"
    element-closest "^3.0.2"

"@hotwired/stimulus@>= 3.0":
  version "3.1.0"
  resolved "https://registry.yarnpkg.com/@hotwired/stimulus/-/stimulus-3.1.0.tgz#20215251e5afe6e0a3787285181ba1bfc9097df0"
  integrity sha512-iDMHUhiEJ1xFeicyHcZQQgBzhtk5mPR0QZO3L6wtqzMsJEk2TKECuCQTGKjm+KJTHVY0dKq1dOOAWvODjpd2Mg==

"@popperjs/core@^2.11.2":
  version "2.11.2"
  resolved "https://registry.npmjs.org/@popperjs/core/-/core-2.11.2.tgz#830beaec4b4091a9e9398ac50f865ddea52186b9"
  integrity sha512-92FRmppjjqz29VMJ2dn+xdyXZBrMlE42AV6Kq6BwjWV7CNUW1hs2FtxSNLQE+gJhaZ6AAmYuO9y8dshhcBl7vA==

"@rails/actioncable@>= 6.0":
  version "7.0.3"
  resolved "https://registry.yarnpkg.com/@rails/actioncable/-/actioncable-7.0.3.tgz#71f08e958883af64f6a20489318b5e95d2c6dc5b"
  integrity sha512-Iefl21FZD+ck1di6xSHMYzSzRiNJTHV4NrAzCfDfqc/wPz4xncrP8f2/fJ+2jzwKIaDn76UVMsALh7R5OzsF8Q==

"@rails/actioncable@^7.1":
  version "7.2.201"
  resolved "https://registry.yarnpkg.com/@rails/actioncable/-/actioncable-7.2.201.tgz#bfb3da01b3e2462f5a18f372c52dedd7de76037f"
  integrity sha512-wsTdWoZ5EfG5k3t7ORdyQF0ZmDEgN4aVPCanHAiNEwCROqibSZMXXmCbH7IDJUVri4FOeAVwwbPINI7HVHPKBw==

"@stimulus/polyfills@>= 1.1.1":
  version "2.0.0"
  resolved "https://registry.yarnpkg.com/@stimulus/polyfills/-/polyfills-2.0.0.tgz#64b3e247c762330f80d88e993d1d26b24e3c13b1"
  integrity sha512-XrN0AGSpBg9e7LHcOGjuyKx3a1SIcaNDqQkjMU0dy63NKsqYccjRGCvtBBE2U3NwcCQX3H22kMpeXCERUwl0ag==
  dependencies:
    core-js "^3.4.0"
    element-closest "^2.0.2"
    eventlistener-polyfill "^1.0.5"
    mutation-observer-inner-html-shim "^1.0.0"

"@stimulus_reflex/polyfills@^3.4.0":
  version "3.4.0"
  resolved "https://registry.yarnpkg.com/@stimulus_reflex/polyfills/-/polyfills-3.4.0.tgz#75dab40c2f6feb91fa190e1a9dc372bb5ab65c5e"
  integrity sha512-c4wELbALVIWWI0T1G2sRy/Gd+nZWfMOfDm48OD8/+mZvtdANwMMcW7GhIhe3hfrD1qqHYSRcr0jniACxv9IU3Q==
  dependencies:
    "@cable_ready/polyfills" "4.4.6"
    "@stimulus/polyfills" ">= 1.1.1"
    core-js "^3.4.0"
    formdata-polyfill "^3.0.20"

"@webcomponents/template@^1.4.4":
  version "1.5.1"
  resolved "https://registry.yarnpkg.com/@webcomponents/template/-/template-1.5.1.tgz#c938df94d641cd0f2e849dd30f38c4b11e31ea81"
  integrity sha512-3e8bx+bgRhyuRwFrDGu7CalILomo11ixuMzVGvpXSxL8lX+ijCIG6J3kS4O/7nElVuKE7vkuXB1xD+RICDNCCg==

"@webcomponents/webcomponentsjs@^2.0.2":
  version "2.6.0"
  resolved "https://registry.npmjs.org/@webcomponents/webcomponentsjs/-/webcomponentsjs-2.6.0.tgz#7d1674c40bddf0c6dd974c44ffd34512fe7274ff"
  integrity sha512-Moog+Smx3ORTbWwuPqoclr+uvfLnciVd6wdCaVscHPrxbmQ/IJKm3wbB7hpzJtXWjAq2l/6QMlO85aZiOdtv5Q==

anymatch@~3.1.2:
  version "3.1.2"
  resolved "https://registry.yarnpkg.com/anymatch/-/anymatch-3.1.2.tgz#c0557c096af32f106198f4f4e2a383537e378716"
  integrity sha512-P43ePfOAIupkguHUycrc4qJ9kz8ZiuOUijaETwX7THt0Y/GNK7v0aa8rY816xWjZ7rJdA5XdMcpVFTKMq+RvWg==
  dependencies:
    normalize-path "^3.0.0"
    picomatch "^2.0.4"

apexcharts@^3.33.0:
  version "3.33.0"
  resolved "https://registry.npmjs.org/apexcharts/-/apexcharts-3.33.0.tgz#8fb807fb6c5a55a37a1168f0dbf0548d1ae69fdb"
  integrity sha512-gOc0qZijuomtXTThLbb0sKn+mZJkVQADyK/Zw9vQ0JjKVbMYxzek61xk40hT49i1Sq6/MUqsz0WgUXYpqqf8Mg==
  dependencies:
    svg.draggable.js "^2.2.2"
    svg.easing.js "^2.0.0"
    svg.filter.js "^2.0.2"
    svg.pathmorphing.js "^0.1.3"
    svg.resize.js "^1.4.3"
    svg.select.js "^3.0.1"

binary-extensions@^2.0.0:
  version "2.2.0"
  resolved "https://registry.yarnpkg.com/binary-extensions/-/binary-extensions-2.2.0.tgz#75f502eeaf9ffde42fc98829645be4ea76bd9e2d"
  integrity sha512-jDctJ/IVQbZoJykoeHbhXpOlNBqGNcwXJKJog42E5HDPUwQTSdjCHdihjj0DlnheQ7blbT6dHOafNAiS8ooQKA==

bootstrap@^5.1.3:
  version "5.1.3"
  resolved "https://registry.npmjs.org/bootstrap/-/bootstrap-5.1.3.tgz#ba081b0c130f810fa70900acbc1c6d3c28fa8f34"
  integrity sha512-fcQztozJ8jToQWXxVuEyXWW+dSo8AiXWKwiSSrKWsRB/Qt+Ewwza+JWoLKiTuQLaEPhdNAJ7+Dosc9DOIqNy7Q==

bootstrap@^5.3.7:
  version "5.3.7"
  resolved "https://registry.yarnpkg.com/bootstrap/-/bootstrap-5.3.7.tgz#8640065036124d961d885d80b5945745e1154d90"
  integrity sha512-7KgiD8UHjfcPBHEpDNg+zGz8L3LqR3GVwqZiBRFX04a1BCArZOz1r2kjly2HQ0WokqTO0v1nF+QAt8dsW4lKlw==

boxicons@^2.1.1:
  version "2.1.1"
  resolved "https://registry.npmjs.org/boxicons/-/boxicons-2.1.1.tgz#84ccb3e680d142d3eecc38b15981352f6fa57a9a"
  integrity sha512-+bOPcCnCM/7ZLDeKPB7OPqmtFmft58HfDZVEJLJx7ArDZhIDGY+wXSTUhC2eD3IGqv/UsgoDNyOKgIFoEiomGg==
  dependencies:
    "@webcomponents/webcomponentsjs" "^2.0.2"
    prop-types "^15.6.0"
    react "^16.0.0"
    react-dom "^16.0.0"
    react-interactive "^0.8.1"
    react-router-dom "^4.2.2"

braces@~3.0.2:
  version "3.0.2"
  resolved "https://registry.yarnpkg.com/braces/-/braces-3.0.2.tgz#3454e1a462ee8d599e236df336cd9ea4f8afe107"
  integrity sha512-b8um+L1RzM3WDSzvhm6gIz1yfTbBt6YTlcEKAvsmqCZZFw46z626lVj9j1yEPW33H5H+lBQpZMP1k8l+78Ha0A==
  dependencies:
    fill-range "^7.0.1"

"cable_ready@>= 5.0.0-pre9", cable_ready@^5.0.0-pre9:
  version "5.0.0-pre9"
  resolved "https://registry.yarnpkg.com/cable_ready/-/cable_ready-5.0.0-pre9.tgz#9c082b796f7b7add7965ce637a8d8717726be5ab"
  integrity sha512-m7XggG+LRPFLsbH78G603F3AAYpkv+VfGCouN6RrP20Mgz9H0+xr7v2DN2F1CeJBBAliYPKcAt/48uTGjSrBaA==
  dependencies:
    morphdom "^2.6.1"

chart.js@^3.7.0:
  version "3.7.0"
  resolved "https://registry.npmjs.org/chart.js/-/chart.js-3.7.0.tgz#7a19c93035341df801d613993c2170a1fcf1d882"
  integrity sha512-31gVuqqKp3lDIFmzpKIrBeum4OpZsQjSIAqlOpgjosHDJZlULtvwLEZKtEhIAZc7JMPaHlYMys40Qy9Mf+1AAg==

"chokidar@>=3.0.0 <4.0.0":
  version "3.5.3"
  resolved "https://registry.yarnpkg.com/chokidar/-/chokidar-3.5.3.tgz#1cf37c8707b932bd1af1ae22c0432e2acd1903bd"
  integrity sha512-Dr3sfKRP6oTcjf2JmUmFJfeVMvXBdegxB0iVQ5eb2V10uFJUCAS8OByZdVAyVb8xXNz3GjjTgj9kLWsZTqE6kw==
  dependencies:
    anymatch "~3.1.2"
    braces "~3.0.2"
    glob-parent "~5.1.2"
    is-binary-path "~2.1.0"
    is-glob "~4.0.1"
    normalize-path "~3.0.0"
    readdirp "~3.6.0"
  optionalDependencies:
    fsevents "~2.3.2"

core-js@^3.4.0:
  version "3.33.2"
  resolved "https://registry.yarnpkg.com/core-js/-/core-js-3.33.2.tgz#312bbf6996a3a517c04c99b9909cdd27138d1ceb"
  integrity sha512-XeBzWI6QL3nJQiHmdzbAOiMYqjrb7hwU7A39Qhvd/POSa/t9E1AeZyEZx3fNvp/vtM8zXwhoL0FsiS0hD0pruQ==

dayjs@^1.11.10:
  version "1.11.10"
  resolved "https://registry.yarnpkg.com/dayjs/-/dayjs-1.11.10.tgz#68acea85317a6e164457d6d6947564029a6a16a0"
  integrity sha512-vjAczensTgRcqDERK0SR2XMwsF/tSvnvlv6VcF2GIhg6Sx4yOIt/irsr1RDJsKiIyBzJDpCoXiWWq28MqH2cnQ==

detect-hover@^1.0.3:
  version "1.0.3"
  resolved "https://registry.npmjs.org/detect-hover/-/detect-hover-1.0.3.tgz#7392507cbced1bedc9f129a56b197c1eef9076c3"
  integrity sha512-HtLoY+tClgYucJNiovNICGWFp9nOGVmHY44s7L62iPqORXM9vujeWFaVcqtA7XRvp/2Y+4RBUfHbDKFGN+xxZQ==

detect-it@^3.0.3:
  version "3.0.7"
  resolved "https://registry.npmjs.org/detect-it/-/detect-it-3.0.7.tgz#54fcaff8265f8a581a6fd2d7d797b392497c9c27"
  integrity sha512-RxpgcdbatUX6epJE09K16iJqF7x6iEcEdoL18FR2zpBO4JhnL7aMOAUoUEyexdtbWOSfTmoDWmeD6mwRBQyRXg==
  dependencies:
    detect-hover "^1.0.3"
    detect-passive-events "^1.0.5"
    detect-pointer "^1.0.3"
    detect-touch-events "^2.0.2"

detect-passive-events@^1.0.5:
  version "1.0.5"
  resolved "https://registry.npmjs.org/detect-passive-events/-/detect-passive-events-1.0.5.tgz#ce324db665123bef9e368b8059ff95d95217cc05"
  integrity sha512-foW7Q35wwOCxVzW0xLf5XeB5Fhe7oyRgvkBYdiP9IWgLMzjqUqTvsJv9ymuEWGjY6AoDXD3OC294+Z9iuOw0QA==

detect-pointer@^1.0.3:
  version "1.0.3"
  resolved "https://registry.npmjs.org/detect-pointer/-/detect-pointer-1.0.3.tgz#27d86d0837951e6c5a0785c8a7fddd9cf5754e08"
  integrity sha512-d0o/Puo3fiGSCXy6H039h9Kwz+mmYCGKZ/qtPFnpN3WfsumjC1C9b5KKvRu+aYnfdI8peqN/iAe7dPd85qIt2g==

detect-touch-events@^2.0.2:
  version "2.0.2"
  resolved "https://registry.npmjs.org/detect-touch-events/-/detect-touch-events-2.0.2.tgz#541cc49b05ca544726a3bf2802c5b23e53aeeebb"
  integrity sha512-g8GWBkJLiIDRJfRXEdrd1wMXpNyGId2DkbfuwFahSb4OCvn717hyRJtAcEDISfp3zkwEhZ4Y4woHPA6DeyB3Fw==

diff-dom@^5.1.2:
  version "5.1.2"
  resolved "https://registry.yarnpkg.com/diff-dom/-/diff-dom-5.1.2.tgz#951627784bc45e32999f0c97cd42e4cf8c35791f"
  integrity sha512-ayOX+pBYzyLdt7iXFd+8jvWzhrcWk+9gQqYk7Zz8/0hpIsqSbtk6MNbtds+Ox6B8ONsdtIcfPmk3NXPdgb3+xQ==

echarts@^5.2.2:
  version "5.2.2"
  resolved "https://registry.npmjs.org/echarts/-/echarts-5.2.2.tgz#ec3c8b2a151cbba71ba3c2c7cf9b2f2047ce4370"
  integrity sha512-yxuBfeIH5c+0FsoRP60w4De6omXhA06c7eUYBsC1ykB6Ys2yK5fSteIYWvkJ4xJVLQgCvAdO8C4mN6MLeJpBaw==
  dependencies:
    tslib "2.3.0"
    zrender "5.2.1"

element-closest@^2.0.2:
  version "2.0.2"
  resolved "https://registry.yarnpkg.com/element-closest/-/element-closest-2.0.2.tgz#72a740a107453382e28df9ce5dbb5a8df0f966ec"
  integrity sha512-QCqAWP3kwj8Gz9UXncVXQGdrhnWxD8SQBSeZp5pOsyCcQ6RpL738L1/tfuwBiMi6F1fYkxqPnBrFBR4L+f49Cg==

element-closest@^3.0.2:
  version "3.0.2"
  resolved "https://registry.yarnpkg.com/element-closest/-/element-closest-3.0.2.tgz#3814a69a84f30e48e63eaf57341f4dbf4227d2aa"
  integrity sha512-JxKQiJKX0Zr5Q2/bCaTx8P+UbfyMET1OQd61qu5xQFeWr1km3fGaxelSJtnfT27XQ5Uoztn2yIyeamAc/VX13g==

eventlistener-polyfill@^1.0.5:
  version "1.0.5"
  resolved "https://registry.yarnpkg.com/eventlistener-polyfill/-/eventlistener-polyfill-1.0.5.tgz#d3c96e57d52ca4dc30b3b8f3cf9698dc8e277d8a"
  integrity sha512-xqqTj0eyJWqAMg1U+Sr20Upi86bOlbLfk/cbVnHuTEKh2S59PszLNwsc4miaUwLR7YRnCnxwSkdCZpxdo3MPwA==

fill-range@^7.0.1:
  version "7.0.1"
  resolved "https://registry.yarnpkg.com/fill-range/-/fill-range-7.0.1.tgz#1919a6a7c75fe38b2c7c77e5198535da9acdda40"
  integrity sha512-qOo9F+dMUmC2Lcb4BbVvnKJxTPjCm+RRpe4gDuGrzkL7mEVl/djYSu2OdQ2Pa302N4oqkSg9ir6jaLWJ2USVpQ==
  dependencies:
    to-regex-range "^5.0.1"

formdata-polyfill@^3.0.20:
  version "3.0.20"
  resolved "https://registry.yarnpkg.com/formdata-polyfill/-/formdata-polyfill-3.0.20.tgz#d6319db8efc5cf4bb2da27856c2b902be63be1c6"
  integrity sha512-TAaxIEwTBdoH1TWndtUH1T0/GisUHwmOKcV5hjkR/iTatHBJSOHb563FP86Lra5nXo3iNdhK7HPwMl5Ihg71pg==

fsevents@~2.3.2:
  version "2.3.2"
  resolved "https://registry.yarnpkg.com/fsevents/-/fsevents-2.3.2.tgz#8a526f78b8fdf4623b709e0b975c52c24c02fd1a"
  integrity sha512-xiqMQR4xAeHTuB9uWm+fFRcIOgKBMiOBP+eXiyT7jsgVCq1bkVygt00oASowB7EdtpOHaaPgKt812P9ab+DDKA==

glob-parent@~5.1.2:
  version "5.1.2"
  resolved "https://registry.yarnpkg.com/glob-parent/-/glob-parent-5.1.2.tgz#869832c58034fe68a4093c17dc15e8340d8401c4"
  integrity sha512-AOIgSQCepiJYwP3ARnGx+5VnTu2HBYdzbGP45eLw1vr3zB3vZLeyed1sC9hnbcOc9/SrMyM5RPQrkGz4aS9Zow==
  dependencies:
    is-glob "^4.0.1"

history@^4.7.2:
  version "4.10.1"
  resolved "https://registry.npmjs.org/history/-/history-4.10.1.tgz#33371a65e3a83b267434e2b3f3b1b4c58aad4cf3"
  integrity sha512-36nwAD620w12kuzPAsyINPWJqlNbij+hpK1k9XRloDtym8mxzGYl2c17LnV6IAGB2Dmg4tEa7G7DlawS0+qjew==
  dependencies:
    "@babel/runtime" "^7.1.2"
    loose-envify "^1.2.0"
    resolve-pathname "^3.0.0"
    tiny-invariant "^1.0.2"
    tiny-warning "^1.0.0"
    value-equal "^1.0.1"

hoist-non-react-statics@^2.5.0:
  version "2.5.5"
  resolved "https://registry.npmjs.org/hoist-non-react-statics/-/hoist-non-react-statics-2.5.5.tgz#c5903cf409c0dfd908f388e619d86b9c1174cb47"
  integrity sha512-rqcy4pJo55FTTLWt+bU8ukscqHeE/e9KWvsOW2b/a3afxQZhwkQdT1rPPCJ0rYXdj4vNcasY8zHTH+jF/qStxw==

immutable@^4.0.0:
  version "4.1.0"
  resolved "https://registry.yarnpkg.com/immutable/-/immutable-4.1.0.tgz#f795787f0db780183307b9eb2091fcac1f6fafef"
  integrity sha512-oNkuqVTA8jqG1Q6c+UglTOD1xhC1BtjKI7XkCXRkZHrN5m18/XsnUp8Q89GkQO/z+0WjonSvl0FLhDYftp46nQ==

invariant@^2.2.4:
  version "2.2.4"
  resolved "https://registry.npmjs.org/invariant/-/invariant-2.2.4.tgz#610f3c92c9359ce1db616e538008d23ff35158e6"
  integrity sha512-phJfQVBuaJM5raOpJjSfkiD6BpbCE4Ns//LaXl6wGYtUBY83nWS6Rf9tXm2e8VaK60JEjYldbPif/A2B1C2gNA==
  dependencies:
    loose-envify "^1.0.0"

is-binary-path@~2.1.0:
  version "2.1.0"
  resolved "https://registry.yarnpkg.com/is-binary-path/-/is-binary-path-2.1.0.tgz#ea1f7f3b80f064236e83470f86c09c254fb45b09"
  integrity sha512-ZMERYes6pDydyuGidse7OsHxtbI7WVeUEozgR/g7rd0xUimYNlvZRE/K2MgZTjWy725IfelLeVcEM97mmtRGXw==
  dependencies:
    binary-extensions "^2.0.0"

is-extglob@^2.1.1:
  version "2.1.1"
  resolved "https://registry.yarnpkg.com/is-extglob/-/is-extglob-2.1.1.tgz#a88c02535791f02ed37c76a1b9ea9773c833f8c2"
  integrity sha512-SbKbANkN603Vi4jEZv49LeVJMn4yGwsbzZworEoyEiutsN3nJYdbO36zfhGJ6QEDpOZIFkDtnq5JRxmvl3jsoQ==

is-glob@^4.0.1, is-glob@~4.0.1:
  version "4.0.3"
  resolved "https://registry.yarnpkg.com/is-glob/-/is-glob-4.0.3.tgz#64f61e42cbbb2eec2071a9dac0b28ba1e65d5084"
  integrity sha512-xelSayHH36ZgE7ZWhli7pW34hNbNl8Ojv5KVmkJD4hBdD3th8Tfk9vYasLM+mXWOZhFkgZfxhLSnrwRr4elSSg==
  dependencies:
    is-extglob "^2.1.1"

is-number@^7.0.0:
  version "7.0.0"
  resolved "https://registry.yarnpkg.com/is-number/-/is-number-7.0.0.tgz#7535345b896734d5f80c4d06c50955527a14f12b"
  integrity sha512-41Cifkg6e8TylSpdtTpeLVMqvSBEVzTttHvERD741+pnZ8ANv0004MRL43QKPDlK9cGvNp6NZWZUBlbGXYxxng==

isarray@0.0.1:
  version "0.0.1"
  resolved "https://registry.npmjs.org/isarray/-/isarray-0.0.1.tgz#8a18acfca9a8f4177e09abfc6038939b05d1eedf"
  integrity sha1-ihis/Kmo9Bd+Cav8YDiTmwXR7t8=

jquery@^3.6.0:
  version "3.6.0"
  resolved "https://registry.yarnpkg.com/jquery/-/jquery-3.6.0.tgz#c72a09f15c1bdce142f49dbf1170bdf8adac2470"
  integrity sha512-JVzAR/AjBvVt2BmYhxRCSYysDsPcssdmTFnzyLEts9qNwmjmu4JTAMYubEfwVOSwpQ1I1sKKFcxhZCI2buerfw==

"js-tokens@^3.0.0 || ^4.0.0":
  version "4.0.0"
  resolved "https://registry.npmjs.org/js-tokens/-/js-tokens-4.0.0.tgz#19203fb59991df98e3a287050d4647cdeaf32499"
  integrity sha512-RdJUflcE3cUzKiMqQgsCu06FPu9UdIJO0beYbPhHN4k6apgJtifcoCtT9bcxOpYBtpD2kCM6Sbzg4CausW/PKQ==

loose-envify@^1.0.0, loose-envify@^1.1.0, loose-envify@^1.2.0, loose-envify@^1.3.1, loose-envify@^1.4.0:
  version "1.4.0"
  resolved "https://registry.npmjs.org/loose-envify/-/loose-envify-1.4.0.tgz#71ee51fa7be4caec1a63839f7e682d8132d30caf"
  integrity sha512-lyuxPGr/Wfhrlem2CL/UcnUc1zcqKAImBDzukY7Y5F/yQiNdko6+fRLevlw1HgMySw7f611UIY408EtxRSoK3Q==
  dependencies:
    js-tokens "^3.0.0 || ^4.0.0"

morphdom@^2.6.1:
  version "2.6.1"
  resolved "https://registry.yarnpkg.com/morphdom/-/morphdom-2.6.1.tgz#e868e24f989fa3183004b159aed643e628b4306e"
  integrity sha512-Y8YRbAEP3eKykroIBWrjcfMw7mmwJfjhqdpSvoqinu8Y702nAwikpXcNFDiIkyvfCLxLM9Wu95RZqo4a9jFBaA==

mutation-observer-inner-html-shim@^1.0.0:
  version "1.0.1"
  resolved "https://registry.yarnpkg.com/mutation-observer-inner-html-shim/-/mutation-observer-inner-html-shim-1.0.1.tgz#84349f51dfc390d0af85011de8fa14e645fb400e"
  integrity sha512-YmJPDSUWJgBhwqRJP6AMvjdfDHU1gsrT5YdgpxMit2+x1khLYhdYq9fvp4clPsYecVT3JOprBf/KjEX7IqlU+g==

normalize-path@^3.0.0, normalize-path@~3.0.0:
  version "3.0.0"
  resolved "https://registry.yarnpkg.com/normalize-path/-/normalize-path-3.0.0.tgz#0dcd69ff23a1c9b11fd0978316644a0388216a65"
  integrity sha512-6eZs5Ls3WtCisHWp9S2GUy8dqkpGi4BVSz3GaqiE6ezub0512ESztXUwUB6C6IKbQkY2Pnb/mD4WYojCRwcwLA==

object-assign@^4.1.1:
  version "4.1.1"
  resolved "https://registry.npmjs.org/object-assign/-/object-assign-4.1.1.tgz#2109adc7965887cfc05cbbd442cac8bfbb360863"
  integrity sha1-IQmtx5ZYh8/AXLvUQsrIv7s2CGM=

path-to-regexp@^1.7.0:
  version "1.8.0"
  resolved "https://registry.npmjs.org/path-to-regexp/-/path-to-regexp-1.8.0.tgz#887b3ba9d84393e87a0a0b9f4cb756198b53548a"
  integrity sha512-n43JRhlUKUAlibEJhPeir1ncUID16QnEjNpwzNdO3Lm4ywrBpBZ5oLD0I6br9evr1Y9JTqwRtAh7JLoOzAQdVA==
  dependencies:
    isarray "0.0.1"

picomatch@^2.0.4, picomatch@^2.2.1:
  version "2.3.1"
  resolved "https://registry.yarnpkg.com/picomatch/-/picomatch-2.3.1.tgz#3ba3833733646d9d3e4995946c1365a67fb07a42"
  integrity sha512-JU3teHTNjmE2VCGFzuY8EXzCDVwEqB2a8fsIvwaStHhAWJEeVd1o1QD80CU6+ZdEXXSLbSsuLwJjkCBWqRQUVA==

prop-types@^15.6.0, prop-types@^15.6.1, prop-types@^15.6.2:
  version "15.8.1"
  resolved "https://registry.npmjs.org/prop-types/-/prop-types-15.8.1.tgz#67d87bf1a694f48435cf332c24af10214a3140b5"
  integrity sha512-oj87CgZICdulUohogVAR7AjlC0327U4el4L6eAvOqCeudMDVU0NThNaV+b9Df4dXgSP1gXMTnPdhfe/2qDH5cg==
  dependencies:
    loose-envify "^1.4.0"
    object-assign "^4.1.1"
    react-is "^16.13.1"

react-dom@^16.0.0:
  version "16.14.0"
  resolved "https://registry.npmjs.org/react-dom/-/react-dom-16.14.0.tgz#7ad838ec29a777fb3c75c3a190f661cf92ab8b89"
  integrity sha512-1gCeQXDLoIqMgqD3IO2Ah9bnf0w9kzhwN5q4FGnHZ67hBm9yePzB5JJAIQCc8x3pFnNlwFq4RidZggNAAkzWWw==
  dependencies:
    loose-envify "^1.1.0"
    object-assign "^4.1.1"
    prop-types "^15.6.2"
    scheduler "^0.19.1"

react-interactive@^0.8.1:
  version "0.8.3"
  resolved "https://registry.npmjs.org/react-interactive/-/react-interactive-0.8.3.tgz#c3c6c3f99b2e5efc20a9ccc54504cf2c03984d5b"
  integrity sha512-mmRvA9aKP7zu9kVfP1AX1egX8tFlnE3DDXq92z0JTZezfOpmeQBzr77O1+mTV54OOmn+M2t6c5kFD5VnuFoM7A==
  dependencies:
    detect-it "^3.0.3"
    object-assign "^4.1.1"
    prop-types "^15.6.0"

react-is@^16.13.1:
  version "16.13.1"
  resolved "https://registry.npmjs.org/react-is/-/react-is-16.13.1.tgz#789729a4dc36de2999dc156dd6c1d9c18cea56a4"
  integrity sha512-24e6ynE2H+OKt4kqsOvNd8kBpV65zoxbA4BVsEOB3ARVWQki/DHzaUoC5KuON/BiccDaCCTZBuOcfZs70kR8bQ==

react-router-dom@^4.2.2:
  version "4.3.1"
  resolved "https://registry.npmjs.org/react-router-dom/-/react-router-dom-4.3.1.tgz#4c2619fc24c4fa87c9fd18f4fb4a43fe63fbd5c6"
  integrity sha512-c/MlywfxDdCp7EnB7YfPMOfMD3tOtIjrQlj/CKfNMBxdmpJP8xcz5P/UAFn3JbnQCNUxsHyVVqllF9LhgVyFCA==
  dependencies:
    history "^4.7.2"
    invariant "^2.2.4"
    loose-envify "^1.3.1"
    prop-types "^15.6.1"
    react-router "^4.3.1"
    warning "^4.0.1"

react-router@^4.3.1:
  version "4.3.1"
  resolved "https://registry.npmjs.org/react-router/-/react-router-4.3.1.tgz#aada4aef14c809cb2e686b05cee4742234506c4e"
  integrity sha512-yrvL8AogDh2X42Dt9iknk4wF4V8bWREPirFfS9gLU1huk6qK41sg7Z/1S81jjTrGHxa3B8R3J6xIkDAA6CVarg==
  dependencies:
    history "^4.7.2"
    hoist-non-react-statics "^2.5.0"
    invariant "^2.2.4"
    loose-envify "^1.3.1"
    path-to-regexp "^1.7.0"
    prop-types "^15.6.1"
    warning "^4.0.1"

react@^16.0.0:
  version "16.14.0"
  resolved "https://registry.npmjs.org/react/-/react-16.14.0.tgz#94d776ddd0aaa37da3eda8fc5b6b18a4c9a3114d"
  integrity sha512-0X2CImDkJGApiAlcf0ODKIneSwBPhqJawOa5wCtKbu7ZECrmS26NvtSILynQ66cgkT/RJ4LidJOc3bUESwmU8g==
  dependencies:
    loose-envify "^1.1.0"
    object-assign "^4.1.1"
    prop-types "^15.6.2"

readdirp@~3.6.0:
  version "3.6.0"
  resolved "https://registry.yarnpkg.com/readdirp/-/readdirp-3.6.0.tgz#74a370bd857116e245b29cc97340cd431a02a6c7"
  integrity sha512-hOS089on8RduqdbhvQ5Z37A0ESjsqz6qnRcffsMU3495FuTdqSm+7bhJ29JvIOsBDEEnan5DPu9t3To9VRlMzA==
  dependencies:
    picomatch "^2.2.1"

regenerator-runtime@^0.13.4:
  version "0.13.9"
  resolved "https://registry.npmjs.org/regenerator-runtime/-/regenerator-runtime-0.13.9.tgz#8925742a98ffd90814988d7566ad30ca3b263b52"
  integrity sha512-p3VT+cOEgxFsRRA9X4lkI1E+k2/CtnKtU4gcxyaCUreilL/vqI6CdZ3wxVUx3UOUg+gnUOQQcRI7BmSI656MYA==

remixicon@^2.5.0:
  version "2.5.0"
  resolved "https://registry.yarnpkg.com/remixicon/-/remixicon-2.5.0.tgz#b5e245894a1550aa23793f95daceadbf96ad1a41"
  integrity sha512-q54ra2QutYDZpuSnFjmeagmEiN9IMo56/zz5dDNitzKD23oFRw77cWo4TsrAdmdkPiEn8mxlrTqxnkujDbEGww==

resolve-pathname@^3.0.0:
  version "3.0.0"
  resolved "https://registry.npmjs.org/resolve-pathname/-/resolve-pathname-3.0.0.tgz#99d02224d3cf263689becbb393bc560313025dcd"
  integrity sha512-C7rARubxI8bXFNB/hqcp/4iUeIXJhJZvFPFPiSPRnhU5UPxzMFIl+2E6yY6c4k9giDJAhtV+enfA+G89N6Csng==

sass@^1.54.8:
  version "1.54.8"
  resolved "https://registry.yarnpkg.com/sass/-/sass-1.54.8.tgz#4adef0dd86ea2b1e4074f551eeda4fc5f812a996"
  integrity sha512-ib4JhLRRgbg6QVy6bsv5uJxnJMTS2soVcCp9Y88Extyy13A8vV0G1fAwujOzmNkFQbR3LvedudAMbtuNRPbQww==
  dependencies:
    chokidar ">=3.0.0 <4.0.0"
    immutable "^4.0.0"
    source-map-js ">=0.6.2 <2.0.0"

scheduler@^0.19.1:
  version "0.19.1"
  resolved "https://registry.npmjs.org/scheduler/-/scheduler-0.19.1.tgz#4f3e2ed2c1a7d65681f4c854fa8c5a1ccb40f196"
  integrity sha512-n/zwRWRYSUj0/3g/otKDRPMh6qv2SYMWNq85IEa8iZyAv8od9zDYpGSnpBEjNgcMNq6Scbu5KfIPxNF72R/2EA==
  dependencies:
    loose-envify "^1.1.0"
    object-assign "^4.1.1"

select2-bootstrap-5-theme@^1.3.0:
  version "1.3.0"
  resolved "https://registry.yarnpkg.com/select2-bootstrap-5-theme/-/select2-bootstrap-5-theme-1.3.0.tgz#b7126b01c4e2cfb5ee683b219820d49da31b4810"
  integrity sha512-uEJDruP4tmwyKcs3V0oP7CIsyC45PGF5ddo8unwTp8OucJ1PSuTOBr+xbWaHTQPGnvp7N96psVQ5UBMQvFCcHA==
  dependencies:
    bootstrap "^5.1.3"

select2@^4.1.0-rc.0:
  version "4.1.0-rc.0"
  resolved "https://registry.yarnpkg.com/select2/-/select2-4.1.0-rc.0.tgz#ba3cd3901dda0155e1c0219ab41b74ba51ea22d8"
  integrity sha512-Hr9TdhyHCZUtwznEH2CBf7967mEM0idtJ5nMtjvk3Up5tPukOLXbHUNmh10oRfeNIhj+3GD3niu+g6sVK+gK0A==

simple-datatables@^9.0.0:
  version "9.0.0"
  resolved "https://registry.yarnpkg.com/simple-datatables/-/simple-datatables-9.0.0.tgz#691878785833220292c5d1c436fa8e570e877679"
  integrity sha512-Muux/vfv07QFIWOduJiPnWoxRNGTijc0GEcqZ0XShonXZSqYq7BkDhvaI7OSoLmGZXo45z3Yrk+IRF4A1iosUg==
  dependencies:
    dayjs "^1.11.10"
    diff-dom "^5.1.2"

simpledotcss@^2.0.0:
  version "2.0.0"
  resolved "https://registry.npmjs.org/simpledotcss/-/simpledotcss-2.0.0.tgz#e4090886ebe3d9b4f0a972d8ec1244ddd306c0a6"
  integrity sha512-gAQTih1jWEvPwtW7QkrPVr7HGtqYpqvuZmU9TSSY3odiiPJKaVI3miZZ4fv5jvr/enFqoOWKUwxrOMMpjiswWA==

"source-map-js@>=0.6.2 <2.0.0":
  version "1.0.2"
  resolved "https://registry.yarnpkg.com/source-map-js/-/source-map-js-1.0.2.tgz#adbc361d9c62df380125e7f161f71c826f1e490c"
  integrity sha512-R0XvVJ9WusLiqTCEiGCmICCMplcCkIwwR11mOSD9CR5u+IXYdiseeEuXCVAjS54zqwkLcPNnmU4OeJ6tUrWhDw==

stimulus_reflex@^3.5.0-pre9:
  version "3.5.0-pre9"
  resolved "https://registry.yarnpkg.com/stimulus_reflex/-/stimulus_reflex-3.5.0-pre9.tgz#e99eaf11e9e7476df10cd8f5c557d368f54446b3"
  integrity sha512-ZhGUuJaKaWhHU5eGnZQ3pgnv0/pJ4dtNABDtMZRAHNm3ngsHY5dpR/H801a1ozD6J5rpadONvhhBcPjPY/x6NQ==
  dependencies:
    "@hotwired/stimulus" ">= 3.0"
    "@rails/actioncable" ">= 6.0"
    cable_ready ">= 5.0.0-pre9"

suneditor@^2.45.1:
  version "2.45.1"
  resolved "https://registry.yarnpkg.com/suneditor/-/suneditor-2.45.1.tgz#5ce56a2d67bfd31e2c21f777cc7f5a522631eb06"
  integrity sha512-fLxc0nLwd77vaPuf78D+VAFNAgX9hLps6h96JA/LUCpqt4LeYnEaIE1RfJojX+BhSA+krl5qZ8pdgqcoo3dN3g==

svg.draggable.js@^2.2.2:
  version "2.2.2"
  resolved "https://registry.npmjs.org/svg.draggable.js/-/svg.draggable.js-2.2.2.tgz#c514a2f1405efb6f0263e7958f5b68fce50603ba"
  integrity sha512-JzNHBc2fLQMzYCZ90KZHN2ohXL0BQJGQimK1kGk6AvSeibuKcIdDX9Kr0dT9+UJ5O8nYA0RB839Lhvk4CY4MZw==
  dependencies:
    svg.js "^2.0.1"

svg.easing.js@^2.0.0:
  version "2.0.0"
  resolved "https://registry.npmjs.org/svg.easing.js/-/svg.easing.js-2.0.0.tgz#8aa9946b0a8e27857a5c40a10eba4091e5691f12"
  integrity sha1-iqmUawqOJ4V6XEChDrpAkeVpHxI=
  dependencies:
    svg.js ">=2.3.x"

svg.filter.js@^2.0.2:
  version "2.0.2"
  resolved "https://registry.npmjs.org/svg.filter.js/-/svg.filter.js-2.0.2.tgz#91008e151389dd9230779fcbe6e2c9a362d1c203"
  integrity sha1-kQCOFROJ3ZIwd5/L5uLJo2LRwgM=
  dependencies:
    svg.js "^2.2.5"

svg.js@>=2.3.x, svg.js@^2.0.1, svg.js@^2.2.5, svg.js@^2.4.0, svg.js@^2.6.5:
  version "2.7.1"
  resolved "https://registry.npmjs.org/svg.js/-/svg.js-2.7.1.tgz#eb977ed4737001eab859949b4a398ee1bb79948d"
  integrity sha512-ycbxpizEQktk3FYvn/8BH+6/EuWXg7ZpQREJvgacqn46gIddG24tNNe4Son6omdXCnSOaApnpZw6MPCBA1dODA==

svg.pathmorphing.js@^0.1.3:
  version "0.1.3"
  resolved "https://registry.npmjs.org/svg.pathmorphing.js/-/svg.pathmorphing.js-0.1.3.tgz#c25718a1cc7c36e852ecabc380e758ac09bb2b65"
  integrity sha512-49HWI9X4XQR/JG1qXkSDV8xViuTLIWm/B/7YuQELV5KMOPtXjiwH4XPJvr/ghEDibmLQ9Oc22dpWpG0vUDDNww==
  dependencies:
    svg.js "^2.4.0"

svg.resize.js@^1.4.3:
  version "1.4.3"
  resolved "https://registry.npmjs.org/svg.resize.js/-/svg.resize.js-1.4.3.tgz#885abd248e0cd205b36b973c4b578b9a36f23332"
  integrity sha512-9k5sXJuPKp+mVzXNvxz7U0uC9oVMQrrf7cFsETznzUDDm0x8+77dtZkWdMfRlmbkEEYvUn9btKuZ3n41oNA+uw==
  dependencies:
    svg.js "^2.6.5"
    svg.select.js "^2.1.2"

svg.select.js@^2.1.2:
  version "2.1.2"
  resolved "https://registry.npmjs.org/svg.select.js/-/svg.select.js-2.1.2.tgz#e41ce13b1acff43a7441f9f8be87a2319c87be73"
  integrity sha512-tH6ABEyJsAOVAhwcCjF8mw4crjXSI1aa7j2VQR8ZuJ37H2MBUbyeqYr5nEO7sSN3cy9AR9DUwNg0t/962HlDbQ==
  dependencies:
    svg.js "^2.2.5"

svg.select.js@^3.0.1:
  version "3.0.1"
  resolved "https://registry.npmjs.org/svg.select.js/-/svg.select.js-3.0.1.tgz#a4198e359f3825739226415f82176a90ea5cc917"
  integrity sha512-h5IS/hKkuVCbKSieR9uQCj9w+zLHoPh+ce19bBYyqF53g6mnPB8sAtIbe1s9dh2S2fCmYX2xel1Ln3PJBbK4kw==
  dependencies:
    svg.js "^2.6.5"

tiny-invariant@^1.0.2:
  version "1.2.0"
  resolved "https://registry.npmjs.org/tiny-invariant/-/tiny-invariant-1.2.0.tgz#a1141f86b672a9148c72e978a19a73b9b94a15a9"
  integrity sha512-1Uhn/aqw5C6RI4KejVeTg6mIS7IqxnLJ8Mv2tV5rTc0qWobay7pDUz6Wi392Cnc8ak1H0F2cjoRzb2/AW4+Fvg==

tiny-warning@^1.0.0:
  version "1.0.3"
  resolved "https://registry.npmjs.org/tiny-warning/-/tiny-warning-1.0.3.tgz#94a30db453df4c643d0fd566060d60a875d84754"
  integrity sha512-lBN9zLN/oAf68o3zNXYrdCt1kP8WsiGW8Oo2ka41b2IM5JL/S1CTyX1rW0mb/zSuJun0ZUrDxx4sqvYS2FWzPA==

to-regex-range@^5.0.1:
  version "5.0.1"
  resolved "https://registry.yarnpkg.com/to-regex-range/-/to-regex-range-5.0.1.tgz#1648c44aae7c8d988a326018ed72f5b4dd0392e4"
  integrity sha512-65P7iz6X5yEr1cwcgvQxbbIw7Uk3gOy5dIdtZ4rDveLqhrdJP+Li/Hx6tyK0NEb+2GCyneCMJiGqrADCSNk8sQ==
  dependencies:
    is-number "^7.0.0"

tslib@2.3.0:
  version "2.3.0"
  resolved "https://registry.npmjs.org/tslib/-/tslib-2.3.0.tgz#803b8cdab3e12ba581a4ca41c8839bbb0dacb09e"
  integrity sha512-N82ooyxVNm6h1riLCoyS9e3fuJ3AMG2zIZs2Gd1ATcSFjSA23Q0fzjjZeh0jbJvWVDZ0cJT8yaNNaaXHzueNjg==

value-equal@^1.0.1:
  version "1.0.1"
  resolved "https://registry.npmjs.org/value-equal/-/value-equal-1.0.1.tgz#1e0b794c734c5c0cade179c437d356d931a34d6c"
  integrity sha512-NOJ6JZCAWr0zlxZt+xqCHNTEKOsrks2HQd4MqhP1qy4z1SkbEP467eNx6TgDKXMvUOb+OENfJCZwM+16n7fRfw==

warning@^4.0.1:
  version "4.0.3"
  resolved "https://registry.npmjs.org/warning/-/warning-4.0.3.tgz#16e9e077eb8a86d6af7d64aa1e05fd85b4678ca3"
  integrity sha512-rpJyN222KWIvHJ/F53XSZv0Zl/accqHR8et1kpaMTD/fLCRxtV8iX8czMzY7sVZupTI3zcUTg8eycS2kNF9l6w==
  dependencies:
    loose-envify "^1.0.0"

zrender@5.2.1:
  version "5.2.1"
  resolved "https://registry.npmjs.org/zrender/-/zrender-5.2.1.tgz#5f4bbda915ba6d412b0b19dc2431beaad05417bb"
  integrity sha512-M3bPGZuyLTNBC6LiNKXJwSCtglMp8XUEqEBG+2MdICDI3d1s500Y4P0CzldQGsqpRVB7fkvf3BKQQRxsEaTlsw==
  dependencies:
    tslib "2.3.0"
